
Microsoft Visual Studio Solution File, Format Version 12.00
# Visual Studio Version 17
VisualStudioVersion = 17.2.32616.157
MinimumVisualStudioVersion = 10.0.40219.1
Project("{FAE04EC0-301F-11D3-BF4B-00C04F79EFBC}") = "access_windows_form", "access_windows_form.csproj", "{465A7A6C-05F0-4705-B7A3-B00B36A5B22C}"
EndProject
Global
	GlobalSection(SolutionConfigurationPlatforms) = preSolution
		Debug|Any CPU = Debug|Any CPU
		Release|Any CPU = Release|Any CPU
	EndGlobalSection
	GlobalSection(ProjectConfigurationPlatforms) = postSolution
		{465A7A6C-05F0-4705-B7A3-B00B36A5B22C}.Debug|Any CPU.ActiveCfg = Debug|Any CPU
		{465A7A6C-05F0-4705-B7A3-B00B36A5B22C}.Debug|Any CPU.Build.0 = Debug|Any CPU
		{465A7A6C-05F0-4705-B7A3-B00B36A5B22C}.Release|Any CPU.ActiveCfg = Release|Any CPU
		{465A7A6C-05F0-4705-B7A3-B00B36A5B22C}.Release|Any CPU.Build.0 = Release|Any CPU
	EndGlobalSection
	GlobalSection(SolutionProperties) = preSolution
		HideSolutionNode = FALSE
	EndGlobalSection
	GlobalSection(ExtensibilityGlobals) = postSolution
		SolutionGuid = {E3548292-70A9-4304-9B78-03B4290319DE}
	EndGlobalSection
EndGlobal
